// !$*UTF8*$!
{
	archiveVersion = 1;
	classes = {
	};
	objectVersion = 46;
	objects = {

/* Begin PBXBuildFile section */
		1430E081161CA9C9003128A8 /* Cocoa.framework in Frameworks */ = {isa = PBXBuildFile; fileRef = 1430E080161CA9C9003128A8 /* Cocoa.framework */; };
		1430E08B161CA9C9003128A8 /* InfoPlist.strings in Resources */ = {isa = PBXBuildFile; fileRef = 1430E089161CA9C9003128A8 /* InfoPlist.strings */; };
		1430E08D161CA9C9003128A8 /* main.m in Sources */ = {isa = PBXBuildFile; fileRef = 1430E08C161CA9C9003128A8 /* main.m */; };
		1430E091161CA9C9003128A8 /* Credits.rtf in Resources */ = {isa = PBXBuildFile; fileRef = 1430E08F161CA9C9003128A8 /* Credits.rtf */; };
		1430E094161CA9C9003128A8 /* AppDelegate.m in Sources */ = {isa = PBXBuildFile; fileRef = 1430E093161CA9C9003128A8 /* AppDelegate.m */; };
		1430E097161CA9C9003128A8 /* MainMenu.xib in Resources */ = {isa = PBXBuildFile; fileRef = 1430E095161CA9C9003128A8 /* MainMenu.xib */; };
		1430E0A5161CC107003128A8 /* MyView.m in Sources */ = {isa = PBXBuildFile; fileRef = 1430E0A4161CC107003128A8 /* MyView.m */; };
		1430E0A8161CC204003128A8 /* MyButton.m in Sources */ = {isa = PBXBuildFile; fileRef = 1430E0A7161CC204003128A8 /* MyButton.m */; };
/* End PBXBuildFile section */

/* Begin PBXFileReference section */
		1430E07C161CA9C9003128A8 /* CSLAB.app */ = {isa = PBXFileReference; explicitFileType = wrapper.application; includeInIndex = 0; path = CSLAB.app; sourceTree = BUILT_PRODUCTS_DIR; };
		1430E080161CA9C9003128A8 /* Cocoa.framework */ = {isa = PBXFileReference; lastKnownFileType = wrapper.framework; name = Cocoa.framework; path = System/Library/Frameworks/Cocoa.framework; sourceTree = SDKROOT; };
		1430E083161CA9C9003128A8 /* AppKit.framework */ = {isa = PBXFileReference; lastKnownFileType = wrapper.framework; name = AppKit.framework; path = System/Library/Frameworks/AppKit.framework; sourceTree = SDKROOT; };
		1430E084161CA9C9003128A8 /* CoreData.framework */ = {isa = PBXFileReference; lastKnownFileType = wrapper.framework; name = CoreData.framework; path = System/Library/Frameworks/CoreData.framework; sourceTree = SDKROOT; };
		1430E085161CA9C9003128A8 /* Foundation.framework */ = {isa = PBXFileReference; lastKnownFileType = wrapper.framework; name = Foundation.framework; path = System/Library/Frameworks/Foundation.framework; sourceTree = SDKROOT; };
		1430E088161CA9C9003128A8 /* CSLAB-Info.plist */ = {isa = PBXFileReference; lastKnownFileType = text.plist.xml; path = "CSLAB-Info.plist"; sourceTree = "<group>"; };
		1430E08A161CA9C9003128A8 /* en */ = {isa = PBXFileReference; lastKnownFileType = text.plist.strings; name = en; path = en.lproj/InfoPlist.strings; sourceTree = "<group>"; };
		1430E08C161CA9C9003128A8 /* main.m */ = {isa = PBXFileReference; lastKnownFileType = sourcecode.c.objc; path = main.m; sourceTree = "<group>"; };
		1430E08E161CA9C9003128A8 /* CSLAB-Prefix.pch */ = {isa = PBXFileReference; lastKnownFileType = sourcecode.c.h; path = "CSLAB-Prefix.pch"; sourceTree = "<group>"; };
		1430E090161CA9C9003128A8 /* en */ = {isa = PBXFileReference; lastKnownFileType = text.rtf; name = en; path = en.lproj/Credits.rtf; sourceTree = "<group>"; };
		1430E092161CA9C9003128A8 /* AppDelegate.h */ = {isa = PBXFileReference; lastKnownFileType = sourcecode.c.h; path = AppDelegate.h; sourceTree = "<group>"; };
		1430E093161CA9C9003128A8 /* AppDelegate.m */ = {isa = PBXFileReference; lastKnownFileType = sourcecode.c.objc; path = AppDelegate.m; sourceTree = "<group>"; };
		1430E096161CA9C9003128A8 /* en */ = {isa = PBXFileReference; lastKnownFileType = file.xib; name = en; path = en.lproj/MainMenu.xib; sourceTree = "<group>"; };
		1430E0A3161CC107003128A8 /* MyView.h */ = {isa = PBXFileReference; fileEncoding = 4; lastKnownFileType = sourcecode.c.h; path = MyView.h; sourceTree = "<group>"; };
		1430E0A4161CC107003128A8 /* MyView.m */ = {isa = PBXFileReference; fileEncoding = 4; lastKnownFileType = sourcecode.c.objc; path = MyView.m; sourceTree = "<group>"; };
		1430E0A6161CC204003128A8 /* MyButton.h */ = {isa = PBXFileReference; fileEncoding = 4; lastKnownFileType = sourcecode.c.h; path = MyButton.h; sourceTree = "<group>"; };
		1430E0A7161CC204003128A8 /* MyButton.m */ = {isa = PBXFileReference; fileEncoding = 4; lastKnownFileType = sourcecode.c.objc; path = MyButton.m; sourceTree = "<group>"; };
/* End PBXFileReference section */

/* Begin PBXFrameworksBuildPhase section */
		1430E079161CA9C9003128A8 /* Frameworks */ = {
			isa = PBXFrameworksBuildPhase;
			buildActionMask = 2147483647;
			files = (
				1430E081161CA9C9003128A8 /* Cocoa.framework in Frameworks */,
			);
			runOnlyForDeploymentPostprocessing = 0;
		};
/* End PBXFrameworksBuildPhase section */

/* Begin PBXGroup section */
		1430E071161CA9C9003128A8 = {
			isa = PBXGroup;
			children = (
				1430E086161CA9C9003128A8 /* CSLAB */,
				1430E07F161CA9C9003128A8 /* Frameworks */,
				1430E07D161CA9C9003128A8 /* Products */,
			);
			sourceTree = "<group>";
		};
		1430E07D161CA9C9003128A8 /* Products */ = {
			isa = PBXGroup;
			children = (
				1430E07C161CA9C9003128A8 /* CSLAB.app */,
			);
			name = Products;
			sourceTree = "<group>";
		};
		1430E07F161CA9C9003128A8 /* Frameworks */ = {
			isa = PBXGroup;
			children = (
				1430E080161CA9C9003128A8 /* Cocoa.framework */,
				1430E082161CA9C9003128A8 /* Other Frameworks */,
			);
			name = Frameworks;
			sourceTree = "<group>";
		};
		1430E082161CA9C9003128A8 /* Other Frameworks */ = {
			isa = PBXGroup;
			children = (
				1430E083161CA9C9003128A8 /* AppKit.framework */,
				1430E084161CA9C9003128A8 /* CoreData.framework */,
				1430E085161CA9C9003128A8 /* Foundation.framework */,
			);
			name = "Other Frameworks";
			sourceTree = "<group>";
		};
		1430E086161CA9C9003128A8 /* CSLAB */ = {
			isa = PBXGroup;
			children = (
				1430E092161CA9C9003128A8 /* AppDelegate.h */,
				1430E093161CA9C9003128A8 /* AppDelegate.m */,
				1430E095161CA9C9003128A8 /* MainMenu.xib */,
				1430E087161CA9C9003128A8 /* Supporting Files */,
				1430E0A3161CC107003128A8 /* MyView.h */,
				1430E0A4161CC107003128A8 /* MyView.m */,
				1430E0A6161CC204003128A8 /* MyButton.h */,
				1430E0A7161CC204003128A8 /* MyButton.m */,
			);
			path = CSLAB;
			sourceTree = "<group>";
		};
		1430E087161CA9C9003128A8 /* Supporting Files */ = {
			isa = PBXGroup;
			children = (
				1430E088161CA9C9003128A8 /* CSLAB-Info.plist */,
				1430E089161CA9C9003128A8 /* InfoPlist.strings */,
				1430E08C161CA9C9003128A8 /* main.m */,
				1430E08E161CA9C9003128A8 /* CSLAB-Prefix.pch */,
				1430E08F161CA9C9003128A8 /* Credits.rtf */,
			);
			name = "Supporting Files";
			sourceTree = "<group>";
		};
/* End PBXGroup section */

/* Begin PBXNativeTarget section */
		1430E07B161CA9C9003128A8 /* CSLAB */ = {
			isa = PBXNativeTarget;
			buildConfigurationList = 1430E09A161CA9C9003128A8 /* Build configuration list for PBXNativeTarget "CSLAB" */;
			buildPhases = (
				1430E078161CA9C9003128A8 /* Sources */,
				1430E079161CA9C9003128A8 /* Frameworks */,
				1430E07A161CA9C9003128A8 /* Resources */,
			);
			buildRules = (
			);
			dependencies = (
			);
			name = CSLAB;
			productName = CSLAB;
			productReference = 1430E07C161CA9C9003128A8 /* CSLAB.app */;
			productType = "com.apple.product-type.application";
		};
/* End PBXNativeTarget section */

/* Begin PBXProject section */
		1430E073161CA9C9003128A8 /* Project object */ = {
			isa = PBXProject;
			attributes = {
				LastUpgradeCheck = 0450;
				ORGANIZATIONNAME = "Casey Richardson";
			};
			buildConfigurationList = 1430E076161CA9C9003128A8 /* Build configuration list for PBXProject "CSLAB" */;
			compatibilityVersion = "Xcode 3.2";
			developmentRegion = English;
			hasScannedForEncodings = 0;
			knownRegions = (
				en,
			);
			mainGroup = 1430E071161CA9C9003128A8;
			productRefGroup = 1430E07D161CA9C9003128A8 /* Products */;
			projectDirPath = "";
			projectRoot = "";
			targets = (
				1430E07B161CA9C9003128A8 /* CSLAB */,
			);
		};
/* End PBXProject section */

/* Begin PBXResourcesBuildPhase section */
		1430E07A161CA9C9003128A8 /* Resources */ = {
			isa = PBXResourcesBuildPhase;
			buildActionMask = 2147483647;
			files = (
				1430E08B161CA9C9003128A8 /* InfoPlist.strings in Resources */,
				1430E091161CA9C9003128A8 /* Credits.rtf in Resources */,
				1430E097161CA9C9003128A8 /* MainMenu.xib in Resources */,
			);
			runOnlyForDeploymentPostprocessing = 0;
		};
/* End PBXResourcesBuildPhase section */

/* Begin PBXSourcesBuildPhase section */
		1430E078161CA9C9003128A8 /* Sources */ = {
			isa = PBXSourcesBuildPhase;
			buildActionMask = 2147483647;
			files = (
				1430E08D161CA9C9003128A8 /* main.m in Sources */,
				1430E094161CA9C9003128A8 /* AppDelegate.m in Sources */,
				1430E0A5161CC107003128A8 /* MyView.m in Sources */,
				1430E0A8161CC204003128A8 /* MyButton.m in Sources */,
			);
			runOnlyForDeploymentPostprocessing = 0;
		};
/* End PBXSourcesBuildPhase section */

/* Begin PBXVariantGroup section */
		1430E089161CA9C9003128A8 /* InfoPlist.strings */ = {
			isa = PBXVariantGroup;
			children = (
				1430E08A161CA9C9003128A8 /* en */,
			);
			name = InfoPlist.strings;
			sourceTree = "<group>";
		};
		1430E08F161CA9C9003128A8 /* Credits.rtf */ = {
			isa = PBXVariantGroup;
			children = (
				1430E090161CA9C9003128A8 /* en */,
			);
			name = Credits.rtf;
			sourceTree = "<group>";
		};
		1430E095161CA9C9003128A8 /* MainMenu.xib */ = {
			isa = PBXVariantGroup;
			children = (
				1430E096161CA9C9003128A8 /* en */,
			);
			name = MainMenu.xib;
			sourceTree = "<group>";
		};
/* End PBXVariantGroup section */

/* Begin XCBuildConfiguration section */
		1430E098161CA9C9003128A8 /* Debug */ = {
			isa = XCBuildConfiguration;
			buildSettings = {
				ALWAYS_SEARCH_USER_PATHS = NO;
				ARCHS = "$(ARCHS_STANDARD_64_BIT)";
				CLANG_CXX_LANGUAGE_STANDARD = "gnu++0x";
				CLANG_CXX_LIBRARY = "libc++";
				CLANG_WARN_EMPTY_BODY = YES;
				CLANG_WARN__DUPLICATE_METHOD_MATCH = YES;
				COPY_PHASE_STRIP = NO;
				GCC_C_LANGUAGE_STANDARD = gnu99;
				GCC_DYNAMIC_NO_PIC = NO;
				GCC_ENABLE_OBJC_EXCEPTIONS = YES;
				GCC_OPTIMIZATION_LEVEL = 0;
				GCC_PREPROCESSOR_DEFINITIONS = (
					"DEBUG=1",
					"$(inherited)",
				);
				GCC_SYMBOLS_PRIVATE_EXTERN = NO;
				GCC_WARN_64_TO_32_BIT_CONVERSION = YES;
				GCC_WARN_ABOUT_RETURN_TYPE = YES;
				GCC_WARN_UNINITIALIZED_AUTOS = YES;
				GCC_WARN_UNUSED_VARIABLE = YES;
				MACOSX_DEPLOYMENT_TARGET = 10.8;
				ONLY_ACTIVE_ARCH = YES;
				SDKROOT = macosx;
			};
			name = Debug;
		};
		1430E099161CA9C9003128A8 /* Release */ = {
			isa = XCBuildConfiguration;
			buildSettings = {
				ALWAYS_SEARCH_USER_PATHS = NO;
				ARCHS = "$(ARCHS_STANDARD_64_BIT)";
				CLANG_CXX_LANGUAGE_STANDARD = "gnu++0x";
				CLANG_CXX_LIBRARY = "libc++";
				CLANG_WARN_EMPTY_BODY = YES;
				CLANG_WARN__DUPLICATE_METHOD_MATCH = YES;
				COPY_PHASE_STRIP = YES;
				DEBUG_INFORMATION_FORMAT = "dwarf-with-dsym";
				GCC_C_LANGUAGE_STANDARD = gnu99;
				GCC_ENABLE_OBJC_EXCEPTIONS = YES;
				GCC_WARN_64_TO_32_BIT_CONVERSION = YES;
				GCC_WARN_ABOUT_RETURN_TYPE = YES;
				GCC_WARN_UNINITIALIZED_AUTOS = YES;
				GCC_WARN_UNUSED_VARIABLE = YES;
				MACOSX_DEPLOYMENT_TARGET = 10.8;
				SDKROOT = macosx;
			};
			name = Release;
		};
		1430E09B161CA9C9003128A8 /* Debug */ = {
			isa = XCBuildConfiguration;
			buildSettings = {
				COMBINE_HIDPI_IMAGES = YES;
				GCC_PRECOMPILE_PREFIX_HEADER = YES;
				GCC_PREFIX_HEADER = "CSLAB/CSLAB-Prefix.pch";
				INFOPLIST_FILE = "CSLAB/CSLAB-Info.plist";
				PRODUCT_NAME = "$(TARGET_NAME)";
				WRAPPER_EXTENSION = app;
			};
			name = Debug;
		};
		1430E09C161CA9C9003128A8 /* Release */ = {
			isa = XCBuildConfiguration;
			buildSettings = {
				COMBINE_HIDPI_IMAGES = YES;
				GCC_PRECOMPILE_PREFIX_HEADER = YES;
				GCC_PREFIX_HEADER = "CSLAB/CSLAB-Prefix.pch";
				INFOPLIST_FILE = "CSLAB/CSLAB-Info.plist";
				PRODUCT_NAME = "$(TARGET_NAME)";
				WRAPPER_EXTENSION = app;
			};
			name = Release;
		};
/* End XCBuildConfiguration section */

/* Begin XCConfigurationList section */
		1430E076161CA9C9003128A8 /* Build configuration list for PBXProject "CSLAB" */ = {
			isa = XCConfigurationList;
			buildConfigurations = (
				1430E098161CA9C9003128A8 /* Debug */,
				1430E099161CA9C9003128A8 /* Release */,
			);
			defaultConfigurationIsVisible = 0;
			defaultConfigurationName = Release;
		};
		1430E09A161CA9C9003128A8 /* Build configuration list for PBXNativeTarget "CSLAB" */ = {
			isa = XCConfigurationList;
			buildConfigurations = (
				1430E09B161CA9C9003128A8 /* Debug */,
				1430E09C161CA9C9003128A8 /* Release */,
			);
			defaultConfigurationIsVisible = 0;
		};
/* End XCConfigurationList section */
	};
	rootObject = 1430E073161CA9C9003128A8 /* Project object */;
}
